
Microsoft Visual Studio Solution File, Format Version 12.00
# Visual Studio Version 16
VisualStudioVersion = 16.0.29009.5
MinimumVisualStudioVersion = 10.0.40219.1
Project("{FAE04EC0-301F-11D3-BF4B-00C04F79EFBC}") = "MustahsilMakbuzu", "MustahsilMakbuzu.csproj", "{B8E6100A-D165-4B3B-90C8-733FF6CA02EC}"
EndProject
Global
	GlobalSection(SolutionConfigurationPlatforms) = preSolution
		Debug|Any CPU = Debug|Any CPU
		Release|Any CPU = Release|Any CPU
	EndGlobalSection
	GlobalSection(ProjectConfigurationPlatforms) = postSolution
		{B8E6100A-D165-4B3B-90C8-733FF6CA02EC}.Debug|Any CPU.ActiveCfg = Debug|Any CPU
		{B8E6100A-D165-4B3B-90C8-733FF6CA02EC}.Debug|Any CPU.Build.0 = Debug|Any CPU
		{B8E6100A-D165-4B3B-90C8-733FF6CA02EC}.Release|Any CPU.ActiveCfg = Release|Any CPU
		{B8E6100A-D165-4B3B-90C8-733FF6CA02EC}.Release|Any CPU.Build.0 = Release|Any CPU
	EndGlobalSection
	GlobalSection(SolutionProperties) = preSolution
		HideSolutionNode = FALSE
	EndGlobalSection
	GlobalSection(ExtensibilityGlobals) = postSolution
		SolutionGuid = {E8B944FC-F6CD-46EA-8A5E-45D772B323D0}
	EndGlobalSection
EndGlobal
